
Microsoft Visual Studio Solution File, Format Version 12.00
# Visual Studio 15
VisualStudioVersion = 15.0.28010.0
MinimumVisualStudioVersion = 10.0.40219.1
Project("{FAE04EC0-301F-11D3-BF4B-00C04F79EFBC}") = "BSEnterprises.WebApp", "BSEnterprises.WebApp\BSEnterprises.WebApp.csproj", "{0B845D99-087A-4824-90CA-A4BCA54D9C65}"
EndProject
Project("{FAE04EC0-301F-11D3-BF4B-00C04F79EFBC}") = "BSEnterprises.Persistence", "BSEnterprises.Persistence\BSEnterprises.Persistence.csproj", "{4824374B-B9DE-465C-8250-0A08768879C8}"
EndProject
Project("{FAE04EC0-301F-11D3-BF4B-00C04F79EFBC}") = "BSEnterprises.Domain", "BSEnterprises.Domain\BSEnterprises.Domain.csproj", "{E952C522-C99C-41B4-818C-758F16060AAA}"
EndProject
Global
	GlobalSection(SolutionConfigurationPlatforms) = preSolution
		Debug|Any CPU = Debug|Any CPU
		Release|Any CPU = Release|Any CPU
	EndGlobalSection
	GlobalSection(ProjectConfigurationPlatforms) = postSolution
		{0B845D99-087A-4824-90CA-A4BCA54D9C65}.Debug|Any CPU.ActiveCfg = Debug|Any CPU
		{0B845D99-087A-4824-90CA-A4BCA54D9C65}.Debug|Any CPU.Build.0 = Debug|Any CPU
		{0B845D99-087A-4824-90CA-A4BCA54D9C65}.Release|Any CPU.ActiveCfg = Release|Any CPU
		{0B845D99-087A-4824-90CA-A4BCA54D9C65}.Release|Any CPU.Build.0 = Release|Any CPU
		{4824374B-B9DE-465C-8250-0A08768879C8}.Debug|Any CPU.ActiveCfg = Debug|Any CPU
		{4824374B-B9DE-465C-8250-0A08768879C8}.Debug|Any CPU.Build.0 = Debug|Any CPU
		{4824374B-B9DE-465C-8250-0A08768879C8}.Release|Any CPU.ActiveCfg = Release|Any CPU
		{4824374B-B9DE-465C-8250-0A08768879C8}.Release|Any CPU.Build.0 = Release|Any CPU
		{E952C522-C99C-41B4-818C-758F16060AAA}.Debug|Any CPU.ActiveCfg = Debug|Any CPU
		{E952C522-C99C-41B4-818C-758F16060AAA}.Debug|Any CPU.Build.0 = Debug|Any CPU
		{E952C522-C99C-41B4-818C-758F16060AAA}.Release|Any CPU.ActiveCfg = Release|Any CPU
		{E952C522-C99C-41B4-818C-758F16060AAA}.Release|Any CPU.Build.0 = Release|Any CPU
	EndGlobalSection
	GlobalSection(SolutionProperties) = preSolution
		HideSolutionNode = FALSE
	EndGlobalSection
	GlobalSection(ExtensibilityGlobals) = postSolution
		SolutionGuid = {72E2490B-4FCF-47D3-AD99-3C5B6C8F1619}
	EndGlobalSection
EndGlobal
